// !$*UTF8*$!
{
	archiveVersion = 1;
	classes = {
	};
	objectVersion = 56;
	objects = {

/* Begin PBXBuildFile section */
		CEC18DDB2AEA35D70092E614 /* CoinModel.swift in Sources */ = {isa = PBXBuildFile; fileRef = CEC18DDA2AEA35D70092E614 /* CoinModel.swift */; };
		CEDD55C02AE6AEAE004E1B8F /* CoinTrcApp.swift in Sources */ = {isa = PBXBuildFile; fileRef = CEDD55BF2AE6AEAE004E1B8F /* CoinTrcApp.swift */; };
		CEDD55C22AE6AEAE004E1B8F /* ContentView.swift in Sources */ = {isa = PBXBuildFile; fileRef = CEDD55C12AE6AEAE004E1B8F /* ContentView.swift */; };
		CEDD55C42AE6AEB0004E1B8F /* Assets.xcassets in Resources */ = {isa = PBXBuildFile; fileRef = CEDD55C32AE6AEB0004E1B8F /* Assets.xcassets */; };
		CEDD55C72AE6AEB0004E1B8F /* Preview Assets.xcassets in Resources */ = {isa = PBXBuildFile; fileRef = CEDD55C62AE6AEB0004E1B8F /* Preview Assets.xcassets */; };
		CEDD55CF2AE6B57B004E1B8F /* Color.swift in Sources */ = {isa = PBXBuildFile; fileRef = CEDD55CE2AE6B57B004E1B8F /* Color.swift */; };
		CEEA05372AE6C66F00513F1F /* HomeView.swift in Sources */ = {isa = PBXBuildFile; fileRef = CEEA05362AE6C66F00513F1F /* HomeView.swift */; };
		CEEA053B2AE6C7CA00513F1F /* CircleButtonView.swift in Sources */ = {isa = PBXBuildFile; fileRef = CEEA053A2AE6C7CA00513F1F /* CircleButtonView.swift */; };
		CEEA053D2AE6E13A00513F1F /* CircleButtonAnimationView.swift in Sources */ = {isa = PBXBuildFile; fileRef = CEEA053C2AE6E13A00513F1F /* CircleButtonAnimationView.swift */; };
/* End PBXBuildFile section */

/* Begin PBXFileReference section */
		CEC18DDA2AEA35D70092E614 /* CoinModel.swift */ = {isa = PBXFileReference; lastKnownFileType = sourcecode.swift; path = CoinModel.swift; sourceTree = "<group>"; };
		CEDD55BC2AE6AEAE004E1B8F /* CoinTrc.app */ = {isa = PBXFileReference; explicitFileType = wrapper.application; includeInIndex = 0; path = CoinTrc.app; sourceTree = BUILT_PRODUCTS_DIR; };
		CEDD55BF2AE6AEAE004E1B8F /* CoinTrcApp.swift */ = {isa = PBXFileReference; lastKnownFileType = sourcecode.swift; path = CoinTrcApp.swift; sourceTree = "<group>"; };
		CEDD55C12AE6AEAE004E1B8F /* ContentView.swift */ = {isa = PBXFileReference; lastKnownFileType = sourcecode.swift; path = ContentView.swift; sourceTree = "<group>"; };
		CEDD55C32AE6AEB0004E1B8F /* Assets.xcassets */ = {isa = PBXFileReference; lastKnownFileType = folder.assetcatalog; path = Assets.xcassets; sourceTree = "<group>"; };
		CEDD55C62AE6AEB0004E1B8F /* Preview Assets.xcassets */ = {isa = PBXFileReference; lastKnownFileType = folder.assetcatalog; path = "Preview Assets.xcassets"; sourceTree = "<group>"; };
		CEDD55CE2AE6B57B004E1B8F /* Color.swift */ = {isa = PBXFileReference; lastKnownFileType = sourcecode.swift; path = Color.swift; sourceTree = "<group>"; };
		CEEA05362AE6C66F00513F1F /* HomeView.swift */ = {isa = PBXFileReference; lastKnownFileType = sourcecode.swift; path = HomeView.swift; sourceTree = "<group>"; };
		CEEA053A2AE6C7CA00513F1F /* CircleButtonView.swift */ = {isa = PBXFileReference; lastKnownFileType = sourcecode.swift; path = CircleButtonView.swift; sourceTree = "<group>"; };
		CEEA053C2AE6E13A00513F1F /* CircleButtonAnimationView.swift */ = {isa = PBXFileReference; lastKnownFileType = sourcecode.swift; path = CircleButtonAnimationView.swift; sourceTree = "<group>"; };
/* End PBXFileReference section */

/* Begin PBXFrameworksBuildPhase section */
		CEDD55B92AE6AEAE004E1B8F /* Frameworks */ = {
			isa = PBXFrameworksBuildPhase;
			buildActionMask = 2147483647;
			files = (
			);
			runOnlyForDeploymentPostprocessing = 0;
		};
/* End PBXFrameworksBuildPhase section */

/* Begin PBXGroup section */
		CEC18DD92AEA35A10092E614 /* Models */ = {
			isa = PBXGroup;
			children = (
				CEC18DDA2AEA35D70092E614 /* CoinModel.swift */,
			);
			path = Models;
			sourceTree = "<group>";
		};
		CEDD55B32AE6AEAE004E1B8F = {
			isa = PBXGroup;
			children = (
				CEDD55BE2AE6AEAE004E1B8F /* CoinTrc */,
				CEDD55BD2AE6AEAE004E1B8F /* Products */,
			);
			sourceTree = "<group>";
		};
		CEDD55BD2AE6AEAE004E1B8F /* Products */ = {
			isa = PBXGroup;
			children = (
				CEDD55BC2AE6AEAE004E1B8F /* CoinTrc.app */,
			);
			name = Products;
			sourceTree = "<group>";
		};
		CEDD55BE2AE6AEAE004E1B8F /* CoinTrc */ = {
			isa = PBXGroup;
			children = (
				CEC18DD92AEA35A10092E614 /* Models */,
				CEEA05302AE6C2E100513F1F /* Core */,
				CEDD55CD2AE6B54F004E1B8F /* Extentions */,
				CEDD55BF2AE6AEAE004E1B8F /* CoinTrcApp.swift */,
				CEDD55C12AE6AEAE004E1B8F /* ContentView.swift */,
				CEDD55C32AE6AEB0004E1B8F /* Assets.xcassets */,
				CEDD55C52AE6AEB0004E1B8F /* Preview Content */,
			);
			path = CoinTrc;
			sourceTree = "<group>";
		};
		CEDD55C52AE6AEB0004E1B8F /* Preview Content */ = {
			isa = PBXGroup;
			children = (
				CEDD55C62AE6AEB0004E1B8F /* Preview Assets.xcassets */,
			);
			path = "Preview Content";
			sourceTree = "<group>";
		};
		CEDD55CD2AE6B54F004E1B8F /* Extentions */ = {
			isa = PBXGroup;
			children = (
				CEDD55CE2AE6B57B004E1B8F /* Color.swift */,
			);
			path = Extentions;
			sourceTree = "<group>";
		};
		CEEA05302AE6C2E100513F1F /* Core */ = {
			isa = PBXGroup;
			children = (
				CEEA05382AE6C77000513F1F /* Components */,
				CEEA05312AE6C30100513F1F /* Home */,
			);
			path = Core;
			sourceTree = "<group>";
		};
		CEEA05312AE6C30100513F1F /* Home */ = {
			isa = PBXGroup;
			children = (
				CEEA05332AE6C32D00513F1F /* ViewModels */,
				CEEA05322AE6C31300513F1F /* Views */,
			);
			path = Home;
			sourceTree = "<group>";
		};
		CEEA05322AE6C31300513F1F /* Views */ = {
			isa = PBXGroup;
			children = (
				CEEA05362AE6C66F00513F1F /* HomeView.swift */,
			);
			path = Views;
			sourceTree = "<group>";
		};
		CEEA05332AE6C32D00513F1F /* ViewModels */ = {
			isa = PBXGroup;
			children = (
			);
			path = ViewModels;
			sourceTree = "<group>";
		};
		CEEA05382AE6C77000513F1F /* Components */ = {
			isa = PBXGroup;
			children = (
				CEEA05392AE6C79900513F1F /* CircleButton */,
			);
			path = Components;
			sourceTree = "<group>";
		};
		CEEA05392AE6C79900513F1F /* CircleButton */ = {
			isa = PBXGroup;
			children = (
				CEEA053A2AE6C7CA00513F1F /* CircleButtonView.swift */,
				CEEA053C2AE6E13A00513F1F /* CircleButtonAnimationView.swift */,
			);
			path = CircleButton;
			sourceTree = "<group>";
		};
/* End PBXGroup section */

/* Begin PBXNativeTarget section */
		CEDD55BB2AE6AEAE004E1B8F /* CoinTrc */ = {
			isa = PBXNativeTarget;
			buildConfigurationList = CEDD55CA2AE6AEB0004E1B8F /* Build configuration list for PBXNativeTarget "CoinTrc" */;
			buildPhases = (
				CEDD55B82AE6AEAE004E1B8F /* Sources */,
				CEDD55B92AE6AEAE004E1B8F /* Frameworks */,
				CEDD55BA2AE6AEAE004E1B8F /* Resources */,
			);
			buildRules = (
			);
			dependencies = (
			);
			name = CoinTrc;
			productName = CoinTrc;
			productReference = CEDD55BC2AE6AEAE004E1B8F /* CoinTrc.app */;
			productType = "com.apple.product-type.application";
		};
/* End PBXNativeTarget section */

/* Begin PBXProject section */
		CEDD55B42AE6AEAE004E1B8F /* Project object */ = {
			isa = PBXProject;
			attributes = {
				BuildIndependentTargetsInParallel = 1;
				LastSwiftUpdateCheck = 1410;
				LastUpgradeCheck = 1410;
				TargetAttributes = {
					CEDD55BB2AE6AEAE004E1B8F = {
						CreatedOnToolsVersion = 14.1;
					};
				};
			};
			buildConfigurationList = CEDD55B72AE6AEAE004E1B8F /* Build configuration list for PBXProject "CoinTrc" */;
			compatibilityVersion = "Xcode 14.0";
			developmentRegion = en;
			hasScannedForEncodings = 0;
			knownRegions = (
				en,
				Base,
			);
			mainGroup = CEDD55B32AE6AEAE004E1B8F;
			productRefGroup = CEDD55BD2AE6AEAE004E1B8F /* Products */;
			projectDirPath = "";
			projectRoot = "";
			targets = (
				CEDD55BB2AE6AEAE004E1B8F /* CoinTrc */,
			);
		};
/* End PBXProject section */

/* Begin PBXResourcesBuildPhase section */
		CEDD55BA2AE6AEAE004E1B8F /* Resources */ = {
			isa = PBXResourcesBuildPhase;
			buildActionMask = 2147483647;
			files = (
				CEDD55C72AE6AEB0004E1B8F /* Preview Assets.xcassets in Resources */,
				CEDD55C42AE6AEB0004E1B8F /* Assets.xcassets in Resources */,
			);
			runOnlyForDeploymentPostprocessing = 0;
		};
/* End PBXResourcesBuildPhase section */

/* Begin PBXSourcesBuildPhase section */
		CEDD55B82AE6AEAE004E1B8F /* Sources */ = {
			isa = PBXSourcesBuildPhase;
			buildActionMask = 2147483647;
			files = (
				CEDD55C22AE6AEAE004E1B8F /* ContentView.swift in Sources */,
				CEEA05372AE6C66F00513F1F /* HomeView.swift in Sources */,
				CEDD55C02AE6AEAE004E1B8F /* CoinTrcApp.swift in Sources */,
				CEEA053B2AE6C7CA00513F1F /* CircleButtonView.swift in Sources */,
				CEDD55CF2AE6B57B004E1B8F /* Color.swift in Sources */,
				CEEA053D2AE6E13A00513F1F /* CircleButtonAnimationView.swift in Sources */,
				CEC18DDB2AEA35D70092E614 /* CoinModel.swift in Sources */,
			);
			runOnlyForDeploymentPostprocessing = 0;
		};
/* End PBXSourcesBuildPhase section */

/* Begin XCBuildConfiguration section */
		CEDD55C82AE6AEB0004E1B8F /* Debug */ = {
			isa = XCBuildConfiguration;
			buildSettings = {
				ALWAYS_SEARCH_USER_PATHS = NO;
				CLANG_ANALYZER_NONNULL = YES;
				CLANG_ANALYZER_NUMBER_OBJECT_CONVERSION = YES_AGGRESSIVE;
				CLANG_CXX_LANGUAGE_STANDARD = "gnu++20";
				CLANG_ENABLE_MODULES = YES;
				CLANG_ENABLE_OBJC_ARC = YES;
				CLANG_ENABLE_OBJC_WEAK = YES;
				CLANG_WARN_BLOCK_CAPTURE_AUTORELEASING = YES;
				CLANG_WARN_BOOL_CONVERSION = YES;
				CLANG_WARN_COMMA = YES;
				CLANG_WARN_CONSTANT_CONVERSION = YES;
				CLANG_WARN_DEPRECATED_OBJC_IMPLEMENTATIONS = YES;
				CLANG_WARN_DIRECT_OBJC_ISA_USAGE = YES_ERROR;
				CLANG_WARN_DOCUMENTATION_COMMENTS = YES;
				CLANG_WARN_EMPTY_BODY = YES;
				CLANG_WARN_ENUM_CONVERSION = YES;
				CLANG_WARN_INFINITE_RECURSION = YES;
				CLANG_WARN_INT_CONVERSION = YES;
				CLANG_WARN_NON_LITERAL_NULL_CONVERSION = YES;
				CLANG_WARN_OBJC_IMPLICIT_RETAIN_SELF = YES;
				CLANG_WARN_OBJC_LITERAL_CONVERSION = YES;
				CLANG_WARN_OBJC_ROOT_CLASS = YES_ERROR;
				CLANG_WARN_QUOTED_INCLUDE_IN_FRAMEWORK_HEADER = YES;
				CLANG_WARN_RANGE_LOOP_ANALYSIS = YES;
				CLANG_WARN_STRICT_PROTOTYPES = YES;
				CLANG_WARN_SUSPICIOUS_MOVE = YES;
				CLANG_WARN_UNGUARDED_AVAILABILITY = YES_AGGRESSIVE;
				CLANG_WARN_UNREACHABLE_CODE = YES;
				CLANG_WARN__DUPLICATE_METHOD_MATCH = YES;
				COPY_PHASE_STRIP = NO;
				DEBUG_INFORMATION_FORMAT = dwarf;
				ENABLE_STRICT_OBJC_MSGSEND = YES;
				ENABLE_TESTABILITY = YES;
				GCC_C_LANGUAGE_STANDARD = gnu11;
				GCC_DYNAMIC_NO_PIC = NO;
				GCC_NO_COMMON_BLOCKS = YES;
				GCC_OPTIMIZATION_LEVEL = 0;
				GCC_PREPROCESSOR_DEFINITIONS = (
					"DEBUG=1",
					"$(inherited)",
				);
				GCC_WARN_64_TO_32_BIT_CONVERSION = YES;
				GCC_WARN_ABOUT_RETURN_TYPE = YES_ERROR;
				GCC_WARN_UNDECLARED_SELECTOR = YES;
				GCC_WARN_UNINITIALIZED_AUTOS = YES_AGGRESSIVE;
				GCC_WARN_UNUSED_FUNCTION = YES;
				GCC_WARN_UNUSED_VARIABLE = YES;
				IPHONEOS_DEPLOYMENT_TARGET = 16.1;
				MTL_ENABLE_DEBUG_INFO = INCLUDE_SOURCE;
				MTL_FAST_MATH = YES;
				ONLY_ACTIVE_ARCH = YES;
				SDKROOT = iphoneos;
				SWIFT_ACTIVE_COMPILATION_CONDITIONS = DEBUG;
				SWIFT_OPTIMIZATION_LEVEL = "-Onone";
			};
			name = Debug;
		};
		CEDD55C92AE6AEB0004E1B8F /* Release */ = {
			isa = XCBuildConfiguration;
			buildSettings = {
				ALWAYS_SEARCH_USER_PATHS = NO;
				CLANG_ANALYZER_NONNULL = YES;
				CLANG_ANALYZER_NUMBER_OBJECT_CONVERSION = YES_AGGRESSIVE;
				CLANG_CXX_LANGUAGE_STANDARD = "gnu++20";
				CLANG_ENABLE_MODULES = YES;
				CLANG_ENABLE_OBJC_ARC = YES;
				CLANG_ENABLE_OBJC_WEAK = YES;
				CLANG_WARN_BLOCK_CAPTURE_AUTORELEASING = YES;
				CLANG_WARN_BOOL_CONVERSION = YES;
				CLANG_WARN_COMMA = YES;
				CLANG_WARN_CONSTANT_CONVERSION = YES;
				CLANG_WARN_DEPRECATED_OBJC_IMPLEMENTATIONS = YES;
				CLANG_WARN_DIRECT_OBJC_ISA_USAGE = YES_ERROR;
				CLANG_WARN_DOCUMENTATION_COMMENTS = YES;
				CLANG_WARN_EMPTY_BODY = YES;
				CLANG_WARN_ENUM_CONVERSION = YES;
				CLANG_WARN_INFINITE_RECURSION = YES;
				CLANG_WARN_INT_CONVERSION = YES;
				CLANG_WARN_NON_LITERAL_NULL_CONVERSION = YES;
				CLANG_WARN_OBJC_IMPLICIT_RETAIN_SELF = YES;
				CLANG_WARN_OBJC_LITERAL_CONVERSION = YES;
				CLANG_WARN_OBJC_ROOT_CLASS = YES_ERROR;
				CLANG_WARN_QUOTED_INCLUDE_IN_FRAMEWORK_HEADER = YES;
				CLANG_WARN_RANGE_LOOP_ANALYSIS = YES;
				CLANG_WARN_STRICT_PROTOTYPES = YES;
				CLANG_WARN_SUSPICIOUS_MOVE = YES;
				CLANG_WARN_UNGUARDED_AVAILABILITY = YES_AGGRESSIVE;
				CLANG_WARN_UNREACHABLE_CODE = YES;
				CLANG_WARN__DUPLICATE_METHOD_MATCH = YES;
				COPY_PHASE_STRIP = NO;
				DEBUG_INFORMATION_FORMAT = "dwarf-with-dsym";
				ENABLE_NS_ASSERTIONS = NO;
				ENABLE_STRICT_OBJC_MSGSEND = YES;
				GCC_C_LANGUAGE_STANDARD = gnu11;
				GCC_NO_COMMON_BLOCKS = YES;
				GCC_WARN_64_TO_32_BIT_CONVERSION = YES;
				GCC_WARN_ABOUT_RETURN_TYPE = YES_ERROR;
				GCC_WARN_UNDECLARED_SELECTOR = YES;
				GCC_WARN_UNINITIALIZED_AUTOS = YES_AGGRESSIVE;
				GCC_WARN_UNUSED_FUNCTION = YES;
				GCC_WARN_UNUSED_VARIABLE = YES;
				IPHONEOS_DEPLOYMENT_TARGET = 16.1;
				MTL_ENABLE_DEBUG_INFO = NO;
				MTL_FAST_MATH = YES;
				SDKROOT = iphoneos;
				SWIFT_COMPILATION_MODE = wholemodule;
				SWIFT_OPTIMIZATION_LEVEL = "-O";
				VALIDATE_PRODUCT = YES;
			};
			name = Release;
		};
		CEDD55CB2AE6AEB0004E1B8F /* Debug */ = {
			isa = XCBuildConfiguration;
			buildSettings = {
				ASSETCATALOG_COMPILER_APPICON_NAME = AppIcon;
				ASSETCATALOG_COMPILER_GLOBAL_ACCENT_COLOR_NAME = AccentColor;
				CODE_SIGN_STYLE = Automatic;
				CURRENT_PROJECT_VERSION = 1;
				DEVELOPMENT_ASSET_PATHS = "\"CoinTrc/Preview Content\"";
				DEVELOPMENT_TEAM = F9GL24RSF8;
				ENABLE_PREVIEWS = YES;
				GENERATE_INFOPLIST_FILE = YES;
				INFOPLIST_KEY_UIApplicationSceneManifest_Generation = YES;
				INFOPLIST_KEY_UIApplicationSupportsIndirectInputEvents = YES;
				INFOPLIST_KEY_UILaunchScreen_Generation = YES;
				INFOPLIST_KEY_UISupportedInterfaceOrientations = UIInterfaceOrientationPortrait;
				LD_RUNPATH_SEARCH_PATHS = (
					"$(inherited)",
					"@executable_path/Frameworks",
				);
				MARKETING_VERSION = 1.0;
				PRODUCT_BUNDLE_IDENTIFIER = com.znun.CoinTrc;
				PRODUCT_NAME = "$(TARGET_NAME)";
				SUPPORTED_PLATFORMS = "iphoneos iphonesimulator";
				SUPPORTS_MACCATALYST = NO;
				SUPPORTS_MAC_DESIGNED_FOR_IPHONE_IPAD = NO;
				SWIFT_EMIT_LOC_STRINGS = YES;
				SWIFT_VERSION = 5.0;
				TARGETED_DEVICE_FAMILY = "1,2";
			};
			name = Debug;
		};
		CEDD55CC2AE6AEB0004E1B8F /* Release */ = {
			isa = XCBuildConfiguration;
			buildSettings = {
				ASSETCATALOG_COMPILER_APPICON_NAME = AppIcon;
				ASSETCATALOG_COMPILER_GLOBAL_ACCENT_COLOR_NAME = AccentColor;
				CODE_SIGN_STYLE = Automatic;
				CURRENT_PROJECT_VERSION = 1;
				DEVELOPMENT_ASSET_PATHS = "\"CoinTrc/Preview Content\"";
				DEVELOPMENT_TEAM = F9GL24RSF8;
				ENABLE_PREVIEWS = YES;
				GENERATE_INFOPLIST_FILE = YES;
				INFOPLIST_KEY_UIApplicationSceneManifest_Generation = YES;
				INFOPLIST_KEY_UIApplicationSupportsIndirectInputEvents = YES;
				INFOPLIST_KEY_UILaunchScreen_Generation = YES;
				INFOPLIST_KEY_UISupportedInterfaceOrientations = UIInterfaceOrientationPortrait;
				LD_RUNPATH_SEARCH_PATHS = (
					"$(inherited)",
					"@executable_path/Frameworks",
				);
				MARKETING_VERSION = 1.0;
				PRODUCT_BUNDLE_IDENTIFIER = com.znun.CoinTrc;
				PRODUCT_NAME = "$(TARGET_NAME)";
				SUPPORTED_PLATFORMS = "iphoneos iphonesimulator";
				SUPPORTS_MACCATALYST = NO;
				SUPPORTS_MAC_DESIGNED_FOR_IPHONE_IPAD = NO;
				SWIFT_EMIT_LOC_STRINGS = YES;
				SWIFT_VERSION = 5.0;
				TARGETED_DEVICE_FAMILY = "1,2";
			};
			name = Release;
		};
/* End XCBuildConfiguration section */

/* Begin XCConfigurationList section */
		CEDD55B72AE6AEAE004E1B8F /* Build configuration list for PBXProject "CoinTrc" */ = {
			isa = XCConfigurationList;
			buildConfigurations = (
				CEDD55C82AE6AEB0004E1B8F /* Debug */,
				CEDD55C92AE6AEB0004E1B8F /* Release */,
			);
			defaultConfigurationIsVisible = 0;
			defaultConfigurationName = Release;
		};
		CEDD55CA2AE6AEB0004E1B8F /* Build configuration list for PBXNativeTarget "CoinTrc" */ = {
			isa = XCConfigurationList;
			buildConfigurations = (
				CEDD55CB2AE6AEB0004E1B8F /* Debug */,
				CEDD55CC2AE6AEB0004E1B8F /* Release */,
			);
			defaultConfigurationIsVisible = 0;
			defaultConfigurationName = Release;
		};
/* End XCConfigurationList section */
	};
	rootObject = CEDD55B42AE6AEAE004E1B8F /* Project object */;
}
